{
  "nodes": {
    "flake-parts": {
      "inputs": {
        "nixpkgs-lib": "nixpkgs-lib"
      },
      "locked": {
        "lastModified": 1769996383,
        "narHash": "sha256-AnYjnFWgS49RlqX7LrC4uA+sCCDBj0Ry/WOJ5XWAsa0=",
        "owner": "hercules-ci",
        "repo": "flake-parts",
        "rev": "57928607ea566b5db3ad13af0e57e921e6b12381",
        "type": "github"
      },
      "original": {
        "owner": "hercules-ci",
        "repo": "flake-parts",
        "type": "github"
      }
    },
    "iris": {
      "flake": false,
      "locked": {
        "lastModified": 1771277222,
        "narHash": "sha256-RHmPhZXSQRCB5HpvvjLPJ1I4EvHPgxQn3rXnH7Beo1A=",
        "ref": "refs/heads/master",
        "rev": "f7f8e7356e0851bedf5f7267209f3445cbfe3a84",
        "revCount": 8530,
        "type": "git",
        "url": "https://gitlab.mpi-sws.org/iris/iris.git"
      },
      "original": {
        "type": "git",
        "url": "https://gitlab.mpi-sws.org/iris/iris.git"
      }
    },
    "nixpkgs": {
      "locked": {
        "lastModified": 1771008912,
        "narHash": "sha256-gf2AmWVTs8lEq7z/3ZAsgnZDhWIckkb+ZnAo5RzSxJg=",
        "owner": "NixOS",
        "repo": "nixpkgs",
        "rev": "a82ccc39b39b621151d6732718e3e250109076fa",
        "type": "github"
      },
      "original": {
        "owner": "NixOS",
        "ref": "nixos-unstable",
        "repo": "nixpkgs",
        "type": "github"
      }
    },
    "nixpkgs-lib": {
      "locked": {
        "lastModified": 1769909678,
        "narHash": "sha256-cBEymOf4/o3FD5AZnzC3J9hLbiZ+QDT/KDuyHXVJOpM=",
        "owner": "nix-community",
        "repo": "nixpkgs.lib",
        "rev": "72716169fe93074c333e8d0173151350670b824c",
        "type": "github"
      },
      "original": {
        "owner": "nix-community",
        "repo": "nixpkgs.lib",
        "type": "github"
      }
    },
    "root": {
      "inputs": {
        "flake-parts": "flake-parts",
        "iris": "iris",
        "nixpkgs": "nixpkgs",
        "stdpp": "stdpp"
      }
    },
    "stdpp": {
      "flake": false,
      "locked": {
        "lastModified": 1771018160,
        "narHash": "sha256-MaBmHMI6+5T5YaGJwbu2vqQomcSQGQEnWhXC0BujR5I=",
        "ref": "refs/heads/master",
        "rev": "246f595758224efb14dba56ef93802db2d4668f4",
        "revCount": 3123,
        "type": "git",
        "url": "https://gitlab.mpi-sws.org/iris/stdpp.git"
      },
      "original": {
        "type": "git",
        "url": "https://gitlab.mpi-sws.org/iris/stdpp.git"
      }
    }
  },
  "root": "root",
  "version": 7
}
